
Microsoft Visual Studio Solution File, Format Version 12.00
# Visual Studio Version 17
VisualStudioVersion = 17.8.34525.116
MinimumVisualStudioVersion = 10.0.40219.1
Project("{FAE04EC0-301F-11D3-BF4B-00C04F79EFBC}") = "WPFstudentsemae", "WPFstudentsemae\WPFstudentsemae.csproj", "{A03FD53B-481B-4DCB-AF2C-58B168E792D5}"
EndProject
Global
	GlobalSection(SolutionConfigurationPlatforms) = preSolution
		Debug|Any CPU = Debug|Any CPU
		Release|Any CPU = Release|Any CPU
	EndGlobalSection
	GlobalSection(ProjectConfigurationPlatforms) = postSolution
		{A03FD53B-481B-4DCB-AF2C-58B168E792D5}.Debug|Any CPU.ActiveCfg = Debug|Any CPU
		{A03FD53B-481B-4DCB-AF2C-58B168E792D5}.Debug|Any CPU.Build.0 = Debug|Any CPU
		{A03FD53B-481B-4DCB-AF2C-58B168E792D5}.Release|Any CPU.ActiveCfg = Release|Any CPU
		{A03FD53B-481B-4DCB-AF2C-58B168E792D5}.Release|Any CPU.Build.0 = Release|Any CPU
	EndGlobalSection
	GlobalSection(SolutionProperties) = preSolution
		HideSolutionNode = FALSE
	EndGlobalSection
	GlobalSection(ExtensibilityGlobals) = postSolution
		SolutionGuid = {3DB41D54-F01C-4541-9366-DA3F4222B492}
	EndGlobalSection
EndGlobal
